// !$*UTF8*$!
{
	archiveVersion = 1;
	classes = {
	};
	objectVersion = 46;
	objects = {

/* Begin PBXBuildFile section */
		4B412C361B33CA2E0088F36E /* AppDelegate.swift in Sources */ = {isa = PBXBuildFile; fileRef = 4B412C351B33CA2E0088F36E /* AppDelegate.swift */; };
		4B412C381B33CA2E0088F36E /* RootViewController.swift in Sources */ = {isa = PBXBuildFile; fileRef = 4B412C371B33CA2E0088F36E /* RootViewController.swift */; };
		4B412C3A1B33CA2E0088F36E /* DataViewController.swift in Sources */ = {isa = PBXBuildFile; fileRef = 4B412C391B33CA2E0088F36E /* DataViewController.swift */; };
		4B412C3C1B33CA2E0088F36E /* ModelController.swift in Sources */ = {isa = PBXBuildFile; fileRef = 4B412C3B1B33CA2E0088F36E /* ModelController.swift */; };
		4B412C3F1B33CA2E0088F36E /* Main.storyboard in Resources */ = {isa = PBXBuildFile; fileRef = 4B412C3D1B33CA2E0088F36E /* Main.storyboard */; };
		4B412C411B33CA2E0088F36E /* Images.xcassets in Resources */ = {isa = PBXBuildFile; fileRef = 4B412C401B33CA2E0088F36E /* Images.xcassets */; };
		4B412C441B33CA2E0088F36E /* LaunchScreen.xib in Resources */ = {isa = PBXBuildFile; fileRef = 4B412C421B33CA2E0088F36E /* LaunchScreen.xib */; };
		4B412C501B33CA2E0088F36E /* AngelTests.swift in Sources */ = {isa = PBXBuildFile; fileRef = 4B412C4F1B33CA2E0088F36E /* AngelTests.swift */; };
/* End PBXBuildFile section */

/* Begin PBXContainerItemProxy section */
		4B412C4A1B33CA2E0088F36E /* PBXContainerItemProxy */ = {
			isa = PBXContainerItemProxy;
			containerPortal = 4B412C281B33CA2E0088F36E /* Project object */;
			proxyType = 1;
			remoteGlobalIDString = 4B412C2F1B33CA2E0088F36E;
			remoteInfo = Angel;
		};
/* End PBXContainerItemProxy section */

/* Begin PBXFileReference section */
		4B412C301B33CA2E0088F36E /* Angel.app */ = {isa = PBXFileReference; explicitFileType = wrapper.application; includeInIndex = 0; path = Angel.app; sourceTree = BUILT_PRODUCTS_DIR; };
		4B412C341B33CA2E0088F36E /* Info.plist */ = {isa = PBXFileReference; lastKnownFileType = text.plist.xml; path = Info.plist; sourceTree = "<group>"; };
		4B412C351B33CA2E0088F36E /* AppDelegate.swift */ = {isa = PBXFileReference; lastKnownFileType = sourcecode.swift; path = AppDelegate.swift; sourceTree = "<group>"; };
		4B412C371B33CA2E0088F36E /* RootViewController.swift */ = {isa = PBXFileReference; lastKnownFileType = sourcecode.swift; path = RootViewController.swift; sourceTree = "<group>"; };
		4B412C391B33CA2E0088F36E /* DataViewController.swift */ = {isa = PBXFileReference; lastKnownFileType = sourcecode.swift; path = DataViewController.swift; sourceTree = "<group>"; };
		4B412C3B1B33CA2E0088F36E /* ModelController.swift */ = {isa = PBXFileReference; lastKnownFileType = sourcecode.swift; path = ModelController.swift; sourceTree = "<group>"; };
		4B412C3E1B33CA2E0088F36E /* Base */ = {isa = PBXFileReference; lastKnownFileType = file.storyboard; name = Base; path = Base.lproj/Main.storyboard; sourceTree = "<group>"; };
		4B412C401B33CA2E0088F36E /* Images.xcassets */ = {isa = PBXFileReference; lastKnownFileType = folder.assetcatalog; path = Images.xcassets; sourceTree = "<group>"; };
		4B412C431B33CA2E0088F36E /* Base */ = {isa = PBXFileReference; lastKnownFileType = file.xib; name = Base; path = Base.lproj/LaunchScreen.xib; sourceTree = "<group>"; };
		4B412C491B33CA2E0088F36E /* AngelTests.xctest */ = {isa = PBXFileReference; explicitFileType = wrapper.cfbundle; includeInIndex = 0; path = AngelTests.xctest; sourceTree = BUILT_PRODUCTS_DIR; };
		4B412C4E1B33CA2E0088F36E /* Info.plist */ = {isa = PBXFileReference; lastKnownFileType = text.plist.xml; path = Info.plist; sourceTree = "<group>"; };
		4B412C4F1B33CA2E0088F36E /* AngelTests.swift */ = {isa = PBXFileReference; lastKnownFileType = sourcecode.swift; path = AngelTests.swift; sourceTree = "<group>"; };
/* End PBXFileReference section */

/* Begin PBXFrameworksBuildPhase section */
		4B412C2D1B33CA2E0088F36E /* Frameworks */ = {
			isa = PBXFrameworksBuildPhase;
			buildActionMask = 2147483647;
			files = (
			);
			runOnlyForDeploymentPostprocessing = 0;
		};
		4B412C461B33CA2E0088F36E /* Frameworks */ = {
			isa = PBXFrameworksBuildPhase;
			buildActionMask = 2147483647;
			files = (
			);
			runOnlyForDeploymentPostprocessing = 0;
		};
/* End PBXFrameworksBuildPhase section */

/* Begin PBXGroup section */
		4B412C271B33CA2E0088F36E = {
			isa = PBXGroup;
			children = (
				4B412C321B33CA2E0088F36E /* Angel */,
				4B412C4C1B33CA2E0088F36E /* AngelTests */,
				4B412C311B33CA2E0088F36E /* Products */,
			);
			sourceTree = "<group>";
		};
		4B412C311B33CA2E0088F36E /* Products */ = {
			isa = PBXGroup;
			children = (
				4B412C301B33CA2E0088F36E /* Angel.app */,
				4B412C491B33CA2E0088F36E /* AngelTests.xctest */,
			);
			name = Products;
			sourceTree = "<group>";
		};
		4B412C321B33CA2E0088F36E /* Angel */ = {
			isa = PBXGroup;
			children = (
				4B412C351B33CA2E0088F36E /* AppDelegate.swift */,
				4B412C371B33CA2E0088F36E /* RootViewController.swift */,
				4B412C391B33CA2E0088F36E /* DataViewController.swift */,
				4B412C3B1B33CA2E0088F36E /* ModelController.swift */,
				4B412C3D1B33CA2E0088F36E /* Main.storyboard */,
				4B412C401B33CA2E0088F36E /* Images.xcassets */,
				4B412C421B33CA2E0088F36E /* LaunchScreen.xib */,
				4B412C331B33CA2E0088F36E /* Supporting Files */,
			);
			path = Angel;
			sourceTree = "<group>";
		};
		4B412C331B33CA2E0088F36E /* Supporting Files */ = {
			isa = PBXGroup;
			children = (
				4B412C341B33CA2E0088F36E /* Info.plist */,
			);
			name = "Supporting Files";
			sourceTree = "<group>";
		};
		4B412C4C1B33CA2E0088F36E /* AngelTests */ = {
			isa = PBXGroup;
			children = (
				4B412C4F1B33CA2E0088F36E /* AngelTests.swift */,
				4B412C4D1B33CA2E0088F36E /* Supporting Files */,
			);
			path = AngelTests;
			sourceTree = "<group>";
		};
		4B412C4D1B33CA2E0088F36E /* Supporting Files */ = {
			isa = PBXGroup;
			children = (
				4B412C4E1B33CA2E0088F36E /* Info.plist */,
			);
			name = "Supporting Files";
			sourceTree = "<group>";
		};
/* End PBXGroup section */

/* Begin PBXNativeTarget section */
		4B412C2F1B33CA2E0088F36E /* Angel */ = {
			isa = PBXNativeTarget;
			buildConfigurationList = 4B412C531B33CA2E0088F36E /* Build configuration list for PBXNativeTarget "Angel" */;
			buildPhases = (
				4B412C2C1B33CA2E0088F36E /* Sources */,
				4B412C2D1B33CA2E0088F36E /* Frameworks */,
				4B412C2E1B33CA2E0088F36E /* Resources */,
			);
			buildRules = (
			);
			dependencies = (
			);
			name = Angel;
			productName = Angel;
			productReference = 4B412C301B33CA2E0088F36E /* Angel.app */;
			productType = "com.apple.product-type.application";
		};
		4B412C481B33CA2E0088F36E /* AngelTests */ = {
			isa = PBXNativeTarget;
			buildConfigurationList = 4B412C561B33CA2E0088F36E /* Build configuration list for PBXNativeTarget "AngelTests" */;
			buildPhases = (
				4B412C451B33CA2E0088F36E /* Sources */,
				4B412C461B33CA2E0088F36E /* Frameworks */,
				4B412C471B33CA2E0088F36E /* Resources */,
			);
			buildRules = (
			);
			dependencies = (
				4B412C4B1B33CA2E0088F36E /* PBXTargetDependency */,
			);
			name = AngelTests;
			productName = AngelTests;
			productReference = 4B412C491B33CA2E0088F36E /* AngelTests.xctest */;
			productType = "com.apple.product-type.bundle.unit-test";
		};
/* End PBXNativeTarget section */

/* Begin PBXProject section */
		4B412C281B33CA2E0088F36E /* Project object */ = {
			isa = PBXProject;
			attributes = {
				LastUpgradeCheck = 0630;
				ORGANIZATIONNAME = angel;
				TargetAttributes = {
					4B412C2F1B33CA2E0088F36E = {
						CreatedOnToolsVersion = 6.3.2;
					};
					4B412C481B33CA2E0088F36E = {
						CreatedOnToolsVersion = 6.3.2;
						TestTargetID = 4B412C2F1B33CA2E0088F36E;
					};
				};
			};
			buildConfigurationList = 4B412C2B1B33CA2E0088F36E /* Build configuration list for PBXProject "Angel" */;
			compatibilityVersion = "Xcode 3.2";
			developmentRegion = English;
			hasScannedForEncodings = 0;
			knownRegions = (
				en,
				Base,
			);
			mainGroup = 4B412C271B33CA2E0088F36E;
			productRefGroup = 4B412C311B33CA2E0088F36E /* Products */;
			projectDirPath = "";
			projectRoot = "";
			targets = (
				4B412C2F1B33CA2E0088F36E /* Angel */,
				4B412C481B33CA2E0088F36E /* AngelTests */,
			);
		};
/* End PBXProject section */

/* Begin PBXResourcesBuildPhase section */
		4B412C2E1B33CA2E0088F36E /* Resources */ = {
			isa = PBXResourcesBuildPhase;
			buildActionMask = 2147483647;
			files = (
				4B412C3F1B33CA2E0088F36E /* Main.storyboard in Resources */,
				4B412C441B33CA2E0088F36E /* LaunchScreen.xib in Resources */,
				4B412C411B33CA2E0088F36E /* Images.xcassets in Resources */,
			);
			runOnlyForDeploymentPostprocessing = 0;
		};
		4B412C471B33CA2E0088F36E /* Resources */ = {
			isa = PBXResourcesBuildPhase;
			buildActionMask = 2147483647;
			files = (
			);
			runOnlyForDeploymentPostprocessing = 0;
		};
/* End PBXResourcesBuildPhase section */

/* Begin PBXSourcesBuildPhase section */
		4B412C2C1B33CA2E0088F36E /* Sources */ = {
			isa = PBXSourcesBuildPhase;
			buildActionMask = 2147483647;
			files = (
				4B412C381B33CA2E0088F36E /* RootViewController.swift in Sources */,
				4B412C3C1B33CA2E0088F36E /* ModelController.swift in Sources */,
				4B412C3A1B33CA2E0088F36E /* DataViewController.swift in Sources */,
				4B412C361B33CA2E0088F36E /* AppDelegate.swift in Sources */,
			);
			runOnlyForDeploymentPostprocessing = 0;
		};
		4B412C451B33CA2E0088F36E /* Sources */ = {
			isa = PBXSourcesBuildPhase;
			buildActionMask = 2147483647;
			files = (
				4B412C501B33CA2E0088F36E /* AngelTests.swift in Sources */,
			);
			runOnlyForDeploymentPostprocessing = 0;
		};
/* End PBXSourcesBuildPhase section */

/* Begin PBXTargetDependency section */
		4B412C4B1B33CA2E0088F36E /* PBXTargetDependency */ = {
			isa = PBXTargetDependency;
			target = 4B412C2F1B33CA2E0088F36E /* Angel */;
			targetProxy = 4B412C4A1B33CA2E0088F36E /* PBXContainerItemProxy */;
		};
/* End PBXTargetDependency section */

/* Begin PBXVariantGroup section */
		4B412C3D1B33CA2E0088F36E /* Main.storyboard */ = {
			isa = PBXVariantGroup;
			children = (
				4B412C3E1B33CA2E0088F36E /* Base */,
			);
			name = Main.storyboard;
			sourceTree = "<group>";
		};
		4B412C421B33CA2E0088F36E /* LaunchScreen.xib */ = {
			isa = PBXVariantGroup;
			children = (
				4B412C431B33CA2E0088F36E /* Base */,
			);
			name = LaunchScreen.xib;
			sourceTree = "<group>";
		};
/* End PBXVariantGroup section */

/* Begin XCBuildConfiguration section */
		4B412C511B33CA2E0088F36E /* Debug */ = {
			isa = XCBuildConfiguration;
			buildSettings = {
				ALWAYS_SEARCH_USER_PATHS = NO;
				CLANG_CXX_LANGUAGE_STANDARD = "gnu++0x";
				CLANG_CXX_LIBRARY = "libc++";
				CLANG_ENABLE_MODULES = YES;
				CLANG_ENABLE_OBJC_ARC = YES;
				CLANG_WARN_BOOL_CONVERSION = YES;
				CLANG_WARN_CONSTANT_CONVERSION = YES;
				CLANG_WARN_DIRECT_OBJC_ISA_USAGE = YES_ERROR;
				CLANG_WARN_EMPTY_BODY = YES;
				CLANG_WARN_ENUM_CONVERSION = YES;
				CLANG_WARN_INT_CONVERSION = YES;
				CLANG_WARN_OBJC_ROOT_CLASS = YES_ERROR;
				CLANG_WARN_UNREACHABLE_CODE = YES;
				CLANG_WARN__DUPLICATE_METHOD_MATCH = YES;
				"CODE_SIGN_IDENTITY[sdk=iphoneos*]" = "iPhone Developer";
				COPY_PHASE_STRIP = NO;
				DEBUG_INFORMATION_FORMAT = "dwarf-with-dsym";
				ENABLE_STRICT_OBJC_MSGSEND = YES;
				GCC_C_LANGUAGE_STANDARD = gnu99;
				GCC_DYNAMIC_NO_PIC = NO;
				GCC_NO_COMMON_BLOCKS = YES;
				GCC_OPTIMIZATION_LEVEL = 0;
				GCC_PREPROCESSOR_DEFINITIONS = (
					"DEBUG=1",
					"$(inherited)",
				);
				GCC_SYMBOLS_PRIVATE_EXTERN = NO;
				GCC_WARN_64_TO_32_BIT_CONVERSION = YES;
				GCC_WARN_ABOUT_RETURN_TYPE = YES_ERROR;
				GCC_WARN_UNDECLARED_SELECTOR = YES;
				GCC_WARN_UNINITIALIZED_AUTOS = YES_AGGRESSIVE;
				GCC_WARN_UNUSED_FUNCTION = YES;
				GCC_WARN_UNUSED_VARIABLE = YES;
				IPHONEOS_DEPLOYMENT_TARGET = 8.3;
				MTL_ENABLE_DEBUG_INFO = YES;
				ONLY_ACTIVE_ARCH = YES;
				SDKROOT = iphoneos;
				SWIFT_OPTIMIZATION_LEVEL = "-Onone";
			};
			name = Debug;
		};
		4B412C521B33CA2E0088F36E /* Release */ = {
			isa = XCBuildConfiguration;
			buildSettings = {
				ALWAYS_SEARCH_USER_PATHS = NO;
				CLANG_CXX_LANGUAGE_STANDARD = "gnu++0x";
				CLANG_CXX_LIBRARY = "libc++";
				CLANG_ENABLE_MODULES = YES;
				CLANG_ENABLE_OBJC_ARC = YES;
				CLANG_WARN_BOOL_CONVERSION = YES;
				CLANG_WARN_CONSTANT_CONVERSION = YES;
				CLANG_WARN_DIRECT_OBJC_ISA_USAGE = YES_ERROR;
				CLANG_WARN_EMPTY_BODY = YES;
				CLANG_WARN_ENUM_CONVERSION = YES;
				CLANG_WARN_INT_CONVERSION = YES;
				CLANG_WARN_OBJC_ROOT_CLASS = YES_ERROR;
				CLANG_WARN_UNREACHABLE_CODE = YES;
				CLANG_WARN__DUPLICATE_METHOD_MATCH = YES;
				"CODE_SIGN_IDENTITY[sdk=iphoneos*]" = "iPhone Developer";
				COPY_PHASE_STRIP = NO;
				DEBUG_INFORMATION_FORMAT = "dwarf-with-dsym";
				ENABLE_NS_ASSERTIONS = NO;
				ENABLE_STRICT_OBJC_MSGSEND = YES;
				GCC_C_LANGUAGE_STANDARD = gnu99;
				GCC_NO_COMMON_BLOCKS = YES;
				GCC_WARN_64_TO_32_BIT_CONVERSION = YES;
				GCC_WARN_ABOUT_RETURN_TYPE = YES_ERROR;
				GCC_WARN_UNDECLARED_SELECTOR = YES;
				GCC_WARN_UNINITIALIZED_AUTOS = YES_AGGRESSIVE;
				GCC_WARN_UNUSED_FUNCTION = YES;
				GCC_WARN_UNUSED_VARIABLE = YES;
				IPHONEOS_DEPLOYMENT_TARGET = 8.3;
				MTL_ENABLE_DEBUG_INFO = NO;
				SDKROOT = iphoneos;
				VALIDATE_PRODUCT = YES;
			};
			name = Release;
		};
		4B412C541B33CA2E0088F36E /* Debug */ = {
			isa = XCBuildConfiguration;
			buildSettings = {
				ASSETCATALOG_COMPILER_APPICON_NAME = AppIcon;
				INFOPLIST_FILE = Angel/Info.plist;
				LD_RUNPATH_SEARCH_PATHS = "$(inherited) @executable_path/Frameworks";
				PRODUCT_NAME = "$(TARGET_NAME)";
			};
			name = Debug;
		};
		4B412C551B33CA2E0088F36E /* Release */ = {
			isa = XCBuildConfiguration;
			buildSettings = {
				ASSETCATALOG_COMPILER_APPICON_NAME = AppIcon;
				INFOPLIST_FILE = Angel/Info.plist;
				LD_RUNPATH_SEARCH_PATHS = "$(inherited) @executable_path/Frameworks";
				PRODUCT_NAME = "$(TARGET_NAME)";
			};
			name = Release;
		};
		4B412C571B33CA2E0088F36E /* Debug */ = {
			isa = XCBuildConfiguration;
			buildSettings = {
				BUNDLE_LOADER = "$(TEST_HOST)";
				FRAMEWORK_SEARCH_PATHS = (
					"$(SDKROOT)/Developer/Library/Frameworks",
					"$(inherited)",
				);
				GCC_PREPROCESSOR_DEFINITIONS = (
					"DEBUG=1",
					"$(inherited)",
				);
				INFOPLIST_FILE = AngelTests/Info.plist;
				LD_RUNPATH_SEARCH_PATHS = "$(inherited) @executable_path/Frameworks @loader_path/Frameworks";
				PRODUCT_NAME = "$(TARGET_NAME)";
				TEST_HOST = "$(BUILT_PRODUCTS_DIR)/Angel.app/Angel";
			};
			name = Debug;
		};
		4B412C581B33CA2E0088F36E /* Release */ = {
			isa = XCBuildConfiguration;
			buildSettings = {
				BUNDLE_LOADER = "$(TEST_HOST)";
				FRAMEWORK_SEARCH_PATHS = (
					"$(SDKROOT)/Developer/Library/Frameworks",
					"$(inherited)",
				);
				INFOPLIST_FILE = AngelTests/Info.plist;
				LD_RUNPATH_SEARCH_PATHS = "$(inherited) @executable_path/Frameworks @loader_path/Frameworks";
				PRODUCT_NAME = "$(TARGET_NAME)";
				TEST_HOST = "$(BUILT_PRODUCTS_DIR)/Angel.app/Angel";
			};
			name = Release;
		};
/* End XCBuildConfiguration section */

/* Begin XCConfigurationList section */
		4B412C2B1B33CA2E0088F36E /* Build configuration list for PBXProject "Angel" */ = {
			isa = XCConfigurationList;
			buildConfigurations = (
				4B412C511B33CA2E0088F36E /* Debug */,
				4B412C521B33CA2E0088F36E /* Release */,
			);
			defaultConfigurationIsVisible = 0;
			defaultConfigurationName = Release;
		};
		4B412C531B33CA2E0088F36E /* Build configuration list for PBXNativeTarget "Angel" */ = {
			isa = XCConfigurationList;
			buildConfigurations = (
				4B412C541B33CA2E0088F36E /* Debug */,
				4B412C551B33CA2E0088F36E /* Release */,
			);
			defaultConfigurationIsVisible = 0;
		};
		4B412C561B33CA2E0088F36E /* Build configuration list for PBXNativeTarget "AngelTests" */ = {
			isa = XCConfigurationList;
			buildConfigurations = (
				4B412C571B33CA2E0088F36E /* Debug */,
				4B412C581B33CA2E0088F36E /* Release */,
			);
			defaultConfigurationIsVisible = 0;
		};
/* End XCConfigurationList section */
	};
	rootObject = 4B412C281B33CA2E0088F36E /* Project object */;
}
