// !$*UTF8*$!
{
	archiveVersion = 1;
	classes = {
	};
	objectVersion = 46;
	objects = {

/* Begin PBXBuildFile section */
		4B096BDA1B3A6C0B00BC3F5D /* SignInViewController.swift in Sources */ = {isa = PBXBuildFile; fileRef = 4B096BD91B3A6C0B00BC3F5D /* SignInViewController.swift */; };
		4B096BDC1B3A74ED00BC3F5D /* MapViewController.swift in Sources */ = {isa = PBXBuildFile; fileRef = 4B096BDB1B3A74ED00BC3F5D /* MapViewController.swift */; };
		4B096BDE1B3A857A00BC3F5D /* CenterViewController.swift in Sources */ = {isa = PBXBuildFile; fileRef = 4B096BDD1B3A857A00BC3F5D /* CenterViewController.swift */; };
		4B096BEB1B3A956700BC3F5D /* SidePanelViewController.swift in Sources */ = {isa = PBXBuildFile; fileRef = 4B096BEA1B3A956700BC3F5D /* SidePanelViewController.swift */; };
		4B096BF31B3D374F00BC3F5D /* Main.storyboard in Resources */ = {isa = PBXBuildFile; fileRef = 4B096BF21B3D374F00BC3F5D /* Main.storyboard */; };
		4B3BD3811B33B9E2002C4204 /* AppDelegate.swift in Sources */ = {isa = PBXBuildFile; fileRef = 4B3BD3801B33B9E2002C4204 /* AppDelegate.swift */; };
		4B3BD3831B33B9E2002C4204 /* ViewController.swift in Sources */ = {isa = PBXBuildFile; fileRef = 4B3BD3821B33B9E2002C4204 /* ViewController.swift */; };
		4B3BD3881B33B9E2002C4204 /* Images.xcassets in Resources */ = {isa = PBXBuildFile; fileRef = 4B3BD3871B33B9E2002C4204 /* Images.xcassets */; };
		4B3BD38B1B33B9E2002C4204 /* LaunchScreen.xib in Resources */ = {isa = PBXBuildFile; fileRef = 4B3BD3891B33B9E2002C4204 /* LaunchScreen.xib */; };
		4B3BD3971B33B9E2002C4204 /* AngelAutoTests.swift in Sources */ = {isa = PBXBuildFile; fileRef = 4B3BD3961B33B9E2002C4204 /* AngelAutoTests.swift */; };
		4B412C5A1B33CAEA0088F36E /* SignUpViewController.swift in Sources */ = {isa = PBXBuildFile; fileRef = 4B412C591B33CAEA0088F36E /* SignUpViewController.swift */; };
/* End PBXBuildFile section */

/* Begin PBXContainerItemProxy section */
		4B3BD3911B33B9E2002C4204 /* PBXContainerItemProxy */ = {
			isa = PBXContainerItemProxy;
			containerPortal = 4B3BD3731B33B9E2002C4204 /* Project object */;
			proxyType = 1;
			remoteGlobalIDString = 4B3BD37A1B33B9E2002C4204;
			remoteInfo = AngelAuto;
		};
/* End PBXContainerItemProxy section */

/* Begin PBXFileReference section */
		4B096BD91B3A6C0B00BC3F5D /* SignInViewController.swift */ = {isa = PBXFileReference; fileEncoding = 4; lastKnownFileType = sourcecode.swift; path = SignInViewController.swift; sourceTree = "<group>"; };
		4B096BDB1B3A74ED00BC3F5D /* MapViewController.swift */ = {isa = PBXFileReference; fileEncoding = 4; lastKnownFileType = sourcecode.swift; path = MapViewController.swift; sourceTree = "<group>"; };
		4B096BDD1B3A857A00BC3F5D /* CenterViewController.swift */ = {isa = PBXFileReference; fileEncoding = 4; lastKnownFileType = sourcecode.swift; path = CenterViewController.swift; sourceTree = "<group>"; };
		4B096BEA1B3A956700BC3F5D /* SidePanelViewController.swift */ = {isa = PBXFileReference; fileEncoding = 4; lastKnownFileType = sourcecode.swift; path = SidePanelViewController.swift; sourceTree = "<group>"; };
		4B096BF21B3D374F00BC3F5D /* Main.storyboard */ = {isa = PBXFileReference; fileEncoding = 4; lastKnownFileType = file.storyboard; path = Main.storyboard; sourceTree = "<group>"; };
		4B3BD37B1B33B9E2002C4204 /* AngelAuto.app */ = {isa = PBXFileReference; explicitFileType = wrapper.application; includeInIndex = 0; path = AngelAuto.app; sourceTree = BUILT_PRODUCTS_DIR; };
		4B3BD37F1B33B9E2002C4204 /* Info.plist */ = {isa = PBXFileReference; lastKnownFileType = text.plist.xml; path = Info.plist; sourceTree = "<group>"; };
		4B3BD3801B33B9E2002C4204 /* AppDelegate.swift */ = {isa = PBXFileReference; lastKnownFileType = sourcecode.swift; path = AppDelegate.swift; sourceTree = "<group>"; };
		4B3BD3821B33B9E2002C4204 /* ViewController.swift */ = {isa = PBXFileReference; lastKnownFileType = sourcecode.swift; path = ViewController.swift; sourceTree = "<group>"; };
		4B3BD3871B33B9E2002C4204 /* Images.xcassets */ = {isa = PBXFileReference; lastKnownFileType = folder.assetcatalog; path = Images.xcassets; sourceTree = "<group>"; };
		4B3BD38A1B33B9E2002C4204 /* Base */ = {isa = PBXFileReference; lastKnownFileType = file.xib; name = Base; path = Base.lproj/LaunchScreen.xib; sourceTree = "<group>"; };
		4B3BD3901B33B9E2002C4204 /* AngelAutoTests.xctest */ = {isa = PBXFileReference; explicitFileType = wrapper.cfbundle; includeInIndex = 0; path = AngelAutoTests.xctest; sourceTree = BUILT_PRODUCTS_DIR; };
		4B3BD3951B33B9E2002C4204 /* Info.plist */ = {isa = PBXFileReference; lastKnownFileType = text.plist.xml; path = Info.plist; sourceTree = "<group>"; };
		4B3BD3961B33B9E2002C4204 /* AngelAutoTests.swift */ = {isa = PBXFileReference; lastKnownFileType = sourcecode.swift; path = AngelAutoTests.swift; sourceTree = "<group>"; };
		4B412C591B33CAEA0088F36E /* SignUpViewController.swift */ = {isa = PBXFileReference; fileEncoding = 4; lastKnownFileType = sourcecode.swift; path = SignUpViewController.swift; sourceTree = "<group>"; };
/* End PBXFileReference section */

/* Begin PBXFrameworksBuildPhase section */
		4B3BD3781B33B9E2002C4204 /* Frameworks */ = {
			isa = PBXFrameworksBuildPhase;
			buildActionMask = 2147483647;
			files = (
			);
			runOnlyForDeploymentPostprocessing = 0;
		};
		4B3BD38D1B33B9E2002C4204 /* Frameworks */ = {
			isa = PBXFrameworksBuildPhase;
			buildActionMask = 2147483647;
			files = (
			);
			runOnlyForDeploymentPostprocessing = 0;
		};
/* End PBXFrameworksBuildPhase section */

/* Begin PBXGroup section */
		4B3BD3721B33B9E2002C4204 = {
			isa = PBXGroup;
			children = (
				4B3BD37D1B33B9E2002C4204 /* AngelAuto */,
				4B3BD3931B33B9E2002C4204 /* AngelAutoTests */,
				4B3BD37C1B33B9E2002C4204 /* Products */,
			);
			sourceTree = "<group>";
		};
		4B3BD37C1B33B9E2002C4204 /* Products */ = {
			isa = PBXGroup;
			children = (
				4B3BD37B1B33B9E2002C4204 /* AngelAuto.app */,
				4B3BD3901B33B9E2002C4204 /* AngelAutoTests.xctest */,
			);
			name = Products;
			sourceTree = "<group>";
		};
		4B3BD37D1B33B9E2002C4204 /* AngelAuto */ = {
			isa = PBXGroup;
			children = (
				4B096BF21B3D374F00BC3F5D /* Main.storyboard */,
				4B096BD91B3A6C0B00BC3F5D /* SignInViewController.swift */,
				4B3BD3801B33B9E2002C4204 /* AppDelegate.swift */,
				4B3BD3821B33B9E2002C4204 /* ViewController.swift */,
				4B096BDB1B3A74ED00BC3F5D /* MapViewController.swift */,
				4B096BDD1B3A857A00BC3F5D /* CenterViewController.swift */,
				4B3BD3871B33B9E2002C4204 /* Images.xcassets */,
				4B3BD3891B33B9E2002C4204 /* LaunchScreen.xib */,
				4B3BD37E1B33B9E2002C4204 /* Supporting Files */,
				4B412C591B33CAEA0088F36E /* SignUpViewController.swift */,
				4B096BEA1B3A956700BC3F5D /* SidePanelViewController.swift */,
			);
			path = AngelAuto;
			sourceTree = "<group>";
		};
		4B3BD37E1B33B9E2002C4204 /* Supporting Files */ = {
			isa = PBXGroup;
			children = (
				4B3BD37F1B33B9E2002C4204 /* Info.plist */,
			);
			name = "Supporting Files";
			sourceTree = "<group>";
		};
		4B3BD3931B33B9E2002C4204 /* AngelAutoTests */ = {
			isa = PBXGroup;
			children = (
				4B3BD3961B33B9E2002C4204 /* AngelAutoTests.swift */,
				4B3BD3941B33B9E2002C4204 /* Supporting Files */,
			);
			path = AngelAutoTests;
			sourceTree = "<group>";
		};
		4B3BD3941B33B9E2002C4204 /* Supporting Files */ = {
			isa = PBXGroup;
			children = (
				4B3BD3951B33B9E2002C4204 /* Info.plist */,
			);
			name = "Supporting Files";
			sourceTree = "<group>";
		};
/* End PBXGroup section */

/* Begin PBXNativeTarget section */
		4B3BD37A1B33B9E2002C4204 /* AngelAuto */ = {
			isa = PBXNativeTarget;
			buildConfigurationList = 4B3BD39A1B33B9E2002C4204 /* Build configuration list for PBXNativeTarget "AngelAuto" */;
			buildPhases = (
				4B3BD3771B33B9E2002C4204 /* Sources */,
				4B3BD3781B33B9E2002C4204 /* Frameworks */,
				4B3BD3791B33B9E2002C4204 /* Resources */,
			);
			buildRules = (
			);
			dependencies = (
			);
			name = AngelAuto;
			productName = AngelAuto;
			productReference = 4B3BD37B1B33B9E2002C4204 /* AngelAuto.app */;
			productType = "com.apple.product-type.application";
		};
		4B3BD38F1B33B9E2002C4204 /* AngelAutoTests */ = {
			isa = PBXNativeTarget;
			buildConfigurationList = 4B3BD39D1B33B9E2002C4204 /* Build configuration list for PBXNativeTarget "AngelAutoTests" */;
			buildPhases = (
				4B3BD38C1B33B9E2002C4204 /* Sources */,
				4B3BD38D1B33B9E2002C4204 /* Frameworks */,
				4B3BD38E1B33B9E2002C4204 /* Resources */,
			);
			buildRules = (
			);
			dependencies = (
				4B3BD3921B33B9E2002C4204 /* PBXTargetDependency */,
			);
			name = AngelAutoTests;
			productName = AngelAutoTests;
			productReference = 4B3BD3901B33B9E2002C4204 /* AngelAutoTests.xctest */;
			productType = "com.apple.product-type.bundle.unit-test";
		};
/* End PBXNativeTarget section */

/* Begin PBXProject section */
		4B3BD3731B33B9E2002C4204 /* Project object */ = {
			isa = PBXProject;
			attributes = {
				LastUpgradeCheck = 0630;
				ORGANIZATIONNAME = angel;
				TargetAttributes = {
					4B3BD37A1B33B9E2002C4204 = {
						CreatedOnToolsVersion = 6.3.2;
					};
					4B3BD38F1B33B9E2002C4204 = {
						CreatedOnToolsVersion = 6.3.2;
						TestTargetID = 4B3BD37A1B33B9E2002C4204;
					};
				};
			};
			buildConfigurationList = 4B3BD3761B33B9E2002C4204 /* Build configuration list for PBXProject "AngelAuto" */;
			compatibilityVersion = "Xcode 3.2";
			developmentRegion = English;
			hasScannedForEncodings = 0;
			knownRegions = (
				en,
				Base,
			);
			mainGroup = 4B3BD3721B33B9E2002C4204;
			productRefGroup = 4B3BD37C1B33B9E2002C4204 /* Products */;
			projectDirPath = "";
			projectRoot = "";
			targets = (
				4B3BD37A1B33B9E2002C4204 /* AngelAuto */,
				4B3BD38F1B33B9E2002C4204 /* AngelAutoTests */,
			);
		};
/* End PBXProject section */

/* Begin PBXResourcesBuildPhase section */
		4B3BD3791B33B9E2002C4204 /* Resources */ = {
			isa = PBXResourcesBuildPhase;
			buildActionMask = 2147483647;
			files = (
				4B096BF31B3D374F00BC3F5D /* Main.storyboard in Resources */,
				4B3BD38B1B33B9E2002C4204 /* LaunchScreen.xib in Resources */,
				4B3BD3881B33B9E2002C4204 /* Images.xcassets in Resources */,
			);
			runOnlyForDeploymentPostprocessing = 0;
		};
		4B3BD38E1B33B9E2002C4204 /* Resources */ = {
			isa = PBXResourcesBuildPhase;
			buildActionMask = 2147483647;
			files = (
			);
			runOnlyForDeploymentPostprocessing = 0;
		};
/* End PBXResourcesBuildPhase section */

/* Begin PBXSourcesBuildPhase section */
		4B3BD3771B33B9E2002C4204 /* Sources */ = {
			isa = PBXSourcesBuildPhase;
			buildActionMask = 2147483647;
			files = (
				4B096BDA1B3A6C0B00BC3F5D /* SignInViewController.swift in Sources */,
				4B412C5A1B33CAEA0088F36E /* SignUpViewController.swift in Sources */,
				4B3BD3831B33B9E2002C4204 /* ViewController.swift in Sources */,
				4B096BDE1B3A857A00BC3F5D /* CenterViewController.swift in Sources */,
				4B096BEB1B3A956700BC3F5D /* SidePanelViewController.swift in Sources */,
				4B096BDC1B3A74ED00BC3F5D /* MapViewController.swift in Sources */,
				4B3BD3811B33B9E2002C4204 /* AppDelegate.swift in Sources */,
			);
			runOnlyForDeploymentPostprocessing = 0;
		};
		4B3BD38C1B33B9E2002C4204 /* Sources */ = {
			isa = PBXSourcesBuildPhase;
			buildActionMask = 2147483647;
			files = (
				4B3BD3971B33B9E2002C4204 /* AngelAutoTests.swift in Sources */,
			);
			runOnlyForDeploymentPostprocessing = 0;
		};
/* End PBXSourcesBuildPhase section */

/* Begin PBXTargetDependency section */
		4B3BD3921B33B9E2002C4204 /* PBXTargetDependency */ = {
			isa = PBXTargetDependency;
			target = 4B3BD37A1B33B9E2002C4204 /* AngelAuto */;
			targetProxy = 4B3BD3911B33B9E2002C4204 /* PBXContainerItemProxy */;
		};
/* End PBXTargetDependency section */

/* Begin PBXVariantGroup section */
		4B3BD3891B33B9E2002C4204 /* LaunchScreen.xib */ = {
			isa = PBXVariantGroup;
			children = (
				4B3BD38A1B33B9E2002C4204 /* Base */,
			);
			name = LaunchScreen.xib;
			sourceTree = "<group>";
		};
/* End PBXVariantGroup section */

/* Begin XCBuildConfiguration section */
		4B3BD3981B33B9E2002C4204 /* Debug */ = {
			isa = XCBuildConfiguration;
			buildSettings = {
				ALWAYS_SEARCH_USER_PATHS = NO;
				CLANG_CXX_LANGUAGE_STANDARD = "gnu++0x";
				CLANG_CXX_LIBRARY = "libc++";
				CLANG_ENABLE_MODULES = YES;
				CLANG_ENABLE_OBJC_ARC = YES;
				CLANG_WARN_BOOL_CONVERSION = YES;
				CLANG_WARN_CONSTANT_CONVERSION = YES;
				CLANG_WARN_DIRECT_OBJC_ISA_USAGE = YES_ERROR;
				CLANG_WARN_EMPTY_BODY = YES;
				CLANG_WARN_ENUM_CONVERSION = YES;
				CLANG_WARN_INT_CONVERSION = YES;
				CLANG_WARN_OBJC_ROOT_CLASS = YES_ERROR;
				CLANG_WARN_UNREACHABLE_CODE = YES;
				CLANG_WARN__DUPLICATE_METHOD_MATCH = YES;
				"CODE_SIGN_IDENTITY[sdk=iphoneos*]" = "iPhone Developer";
				COPY_PHASE_STRIP = NO;
				DEBUG_INFORMATION_FORMAT = "dwarf-with-dsym";
				ENABLE_STRICT_OBJC_MSGSEND = YES;
				GCC_C_LANGUAGE_STANDARD = gnu99;
				GCC_DYNAMIC_NO_PIC = NO;
				GCC_NO_COMMON_BLOCKS = YES;
				GCC_OPTIMIZATION_LEVEL = 0;
				GCC_PREPROCESSOR_DEFINITIONS = (
					"DEBUG=1",
					"$(inherited)",
				);
				GCC_SYMBOLS_PRIVATE_EXTERN = NO;
				GCC_WARN_64_TO_32_BIT_CONVERSION = YES;
				GCC_WARN_ABOUT_RETURN_TYPE = YES_ERROR;
				GCC_WARN_UNDECLARED_SELECTOR = YES;
				GCC_WARN_UNINITIALIZED_AUTOS = YES_AGGRESSIVE;
				GCC_WARN_UNUSED_FUNCTION = YES;
				GCC_WARN_UNUSED_VARIABLE = YES;
				IPHONEOS_DEPLOYMENT_TARGET = 8.3;
				MTL_ENABLE_DEBUG_INFO = YES;
				ONLY_ACTIVE_ARCH = YES;
				SDKROOT = iphoneos;
				SWIFT_OPTIMIZATION_LEVEL = "-Onone";
			};
			name = Debug;
		};
		4B3BD3991B33B9E2002C4204 /* Release */ = {
			isa = XCBuildConfiguration;
			buildSettings = {
				ALWAYS_SEARCH_USER_PATHS = NO;
				CLANG_CXX_LANGUAGE_STANDARD = "gnu++0x";
				CLANG_CXX_LIBRARY = "libc++";
				CLANG_ENABLE_MODULES = YES;
				CLANG_ENABLE_OBJC_ARC = YES;
				CLANG_WARN_BOOL_CONVERSION = YES;
				CLANG_WARN_CONSTANT_CONVERSION = YES;
				CLANG_WARN_DIRECT_OBJC_ISA_USAGE = YES_ERROR;
				CLANG_WARN_EMPTY_BODY = YES;
				CLANG_WARN_ENUM_CONVERSION = YES;
				CLANG_WARN_INT_CONVERSION = YES;
				CLANG_WARN_OBJC_ROOT_CLASS = YES_ERROR;
				CLANG_WARN_UNREACHABLE_CODE = YES;
				CLANG_WARN__DUPLICATE_METHOD_MATCH = YES;
				"CODE_SIGN_IDENTITY[sdk=iphoneos*]" = "iPhone Developer";
				COPY_PHASE_STRIP = NO;
				DEBUG_INFORMATION_FORMAT = "dwarf-with-dsym";
				ENABLE_NS_ASSERTIONS = NO;
				ENABLE_STRICT_OBJC_MSGSEND = YES;
				GCC_C_LANGUAGE_STANDARD = gnu99;
				GCC_NO_COMMON_BLOCKS = YES;
				GCC_WARN_64_TO_32_BIT_CONVERSION = YES;
				GCC_WARN_ABOUT_RETURN_TYPE = YES_ERROR;
				GCC_WARN_UNDECLARED_SELECTOR = YES;
				GCC_WARN_UNINITIALIZED_AUTOS = YES_AGGRESSIVE;
				GCC_WARN_UNUSED_FUNCTION = YES;
				GCC_WARN_UNUSED_VARIABLE = YES;
				IPHONEOS_DEPLOYMENT_TARGET = 8.3;
				MTL_ENABLE_DEBUG_INFO = NO;
				SDKROOT = iphoneos;
				VALIDATE_PRODUCT = YES;
			};
			name = Release;
		};
		4B3BD39B1B33B9E2002C4204 /* Debug */ = {
			isa = XCBuildConfiguration;
			buildSettings = {
				ASSETCATALOG_COMPILER_APPICON_NAME = AppIcon;
				INFOPLIST_FILE = AngelAuto/Info.plist;
				LD_RUNPATH_SEARCH_PATHS = "$(inherited) @executable_path/Frameworks";
				PRODUCT_NAME = "$(TARGET_NAME)";
			};
			name = Debug;
		};
		4B3BD39C1B33B9E2002C4204 /* Release */ = {
			isa = XCBuildConfiguration;
			buildSettings = {
				ASSETCATALOG_COMPILER_APPICON_NAME = AppIcon;
				INFOPLIST_FILE = AngelAuto/Info.plist;
				LD_RUNPATH_SEARCH_PATHS = "$(inherited) @executable_path/Frameworks";
				PRODUCT_NAME = "$(TARGET_NAME)";
			};
			name = Release;
		};
		4B3BD39E1B33B9E2002C4204 /* Debug */ = {
			isa = XCBuildConfiguration;
			buildSettings = {
				BUNDLE_LOADER = "$(TEST_HOST)";
				FRAMEWORK_SEARCH_PATHS = (
					"$(SDKROOT)/Developer/Library/Frameworks",
					"$(inherited)",
				);
				GCC_PREPROCESSOR_DEFINITIONS = (
					"DEBUG=1",
					"$(inherited)",
				);
				INFOPLIST_FILE = AngelAutoTests/Info.plist;
				LD_RUNPATH_SEARCH_PATHS = "$(inherited) @executable_path/Frameworks @loader_path/Frameworks";
				PRODUCT_NAME = "$(TARGET_NAME)";
				TEST_HOST = "$(BUILT_PRODUCTS_DIR)/AngelAuto.app/AngelAuto";
			};
			name = Debug;
		};
		4B3BD39F1B33B9E2002C4204 /* Release */ = {
			isa = XCBuildConfiguration;
			buildSettings = {
				BUNDLE_LOADER = "$(TEST_HOST)";
				FRAMEWORK_SEARCH_PATHS = (
					"$(SDKROOT)/Developer/Library/Frameworks",
					"$(inherited)",
				);
				INFOPLIST_FILE = AngelAutoTests/Info.plist;
				LD_RUNPATH_SEARCH_PATHS = "$(inherited) @executable_path/Frameworks @loader_path/Frameworks";
				PRODUCT_NAME = "$(TARGET_NAME)";
				TEST_HOST = "$(BUILT_PRODUCTS_DIR)/AngelAuto.app/AngelAuto";
			};
			name = Release;
		};
/* End XCBuildConfiguration section */

/* Begin XCConfigurationList section */
		4B3BD3761B33B9E2002C4204 /* Build configuration list for PBXProject "AngelAuto" */ = {
			isa = XCConfigurationList;
			buildConfigurations = (
				4B3BD3981B33B9E2002C4204 /* Debug */,
				4B3BD3991B33B9E2002C4204 /* Release */,
			);
			defaultConfigurationIsVisible = 0;
			defaultConfigurationName = Release;
		};
		4B3BD39A1B33B9E2002C4204 /* Build configuration list for PBXNativeTarget "AngelAuto" */ = {
			isa = XCConfigurationList;
			buildConfigurations = (
				4B3BD39B1B33B9E2002C4204 /* Debug */,
				4B3BD39C1B33B9E2002C4204 /* Release */,
			);
			defaultConfigurationIsVisible = 0;
			defaultConfigurationName = Release;
		};
		4B3BD39D1B33B9E2002C4204 /* Build configuration list for PBXNativeTarget "AngelAutoTests" */ = {
			isa = XCConfigurationList;
			buildConfigurations = (
				4B3BD39E1B33B9E2002C4204 /* Debug */,
				4B3BD39F1B33B9E2002C4204 /* Release */,
			);
			defaultConfigurationIsVisible = 0;
			defaultConfigurationName = Release;
		};
/* End XCConfigurationList section */
	};
	rootObject = 4B3BD3731B33B9E2002C4204 /* Project object */;
}
